
Microsoft Visual Studio Solution File, Format Version 12.00
# Visual Studio Version 17
VisualStudioVersion = 17.14.36414.22 d17.14
MinimumVisualStudioVersion = 10.0.40219.1
Project("{FAE04EC0-301F-11D3-BF4B-00C04F79EFBC}") = "js learn", "js learn\js learn.csproj", "{CF1C2E86-AD5B-4541-8614-F02F0BD3DC12}"
EndProject
Global
	GlobalSection(SolutionConfigurationPlatforms) = preSolution
		Debug|Any CPU = Debug|Any CPU
		Release|Any CPU = Release|Any CPU
	EndGlobalSection
	GlobalSection(ProjectConfigurationPlatforms) = postSolution
		{CF1C2E86-AD5B-4541-8614-F02F0BD3DC12}.Debug|Any CPU.ActiveCfg = Debug|Any CPU
		{CF1C2E86-AD5B-4541-8614-F02F0BD3DC12}.Debug|Any CPU.Build.0 = Debug|Any CPU
		{CF1C2E86-AD5B-4541-8614-F02F0BD3DC12}.Release|Any CPU.ActiveCfg = Release|Any CPU
		{CF1C2E86-AD5B-4541-8614-F02F0BD3DC12}.Release|Any CPU.Build.0 = Release|Any CPU
	EndGlobalSection
	GlobalSection(SolutionProperties) = preSolution
		HideSolutionNode = FALSE
	EndGlobalSection
	GlobalSection(ExtensibilityGlobals) = postSolution
		SolutionGuid = {7AFE78FA-09A7-4B70-B1C3-91AB6A010B3D}
	EndGlobalSection
EndGlobal
